
Microsoft Visual Studio Solution File, Format Version 12.00
# Visual Studio Version 17
VisualStudioVersion = 17.12.35728.132 d17.12
MinimumVisualStudioVersion = 10.0.40219.1
Project("{FAE04EC0-301F-11D3-BF4B-00C04F79EFBC}") = "LotteryPicker", "LotteryPicker.csproj", "{BDA96CE5-12F9-4894-8F71-49E8CF5A655E}"
EndProject
Global
	GlobalSection(SolutionConfigurationPlatforms) = preSolution
		Debug|Any CPU = Debug|Any CPU
		Release|Any CPU = Release|Any CPU
	EndGlobalSection
	GlobalSection(ProjectConfigurationPlatforms) = postSolution
		{BDA96CE5-12F9-4894-8F71-49E8CF5A655E}.Debug|Any CPU.ActiveCfg = Debug|Any CPU
		{BDA96CE5-12F9-4894-8F71-49E8CF5A655E}.Debug|Any CPU.Build.0 = Debug|Any CPU
		{BDA96CE5-12F9-4894-8F71-49E8CF5A655E}.Release|Any CPU.ActiveCfg = Release|Any CPU
		{BDA96CE5-12F9-4894-8F71-49E8CF5A655E}.Release|Any CPU.Build.0 = Release|Any CPU
	EndGlobalSection
	GlobalSection(SolutionProperties) = preSolution
		HideSolutionNode = FALSE
	EndGlobalSection
EndGlobal
